
Microsoft Visual Studio Solution File, Format Version 12.00
# Visual Studio 15
VisualStudioVersion = 15.0.27703.2042
MinimumVisualStudioVersion = 10.0.40219.1
Project("{9A19103F-16F7-4668-BE54-9A1E7A4F7556}") = "CoreLibrary", "CoreLibrary\CoreLibrary.csproj", "{B90E12AC-7298-4960-999F-CD454D441DC5}"
EndProject
Project("{9A19103F-16F7-4668-BE54-9A1E7A4F7556}") = "CoreLibrary.Test", "CoreLibrary.Test\CoreLibrary.Test.csproj", "{E4F92987-A9B6-4E57-8350-F1A92F5E9B32}"
EndProject
Global
	GlobalSection(SolutionConfigurationPlatforms) = preSolution
		Debug|Any CPU = Debug|Any CPU
		Release|Any CPU = Release|Any CPU
	EndGlobalSection
	GlobalSection(ProjectConfigurationPlatforms) = postSolution
		{B90E12AC-7298-4960-999F-CD454D441DC5}.Debug|Any CPU.ActiveCfg = Debug|Any CPU
		{B90E12AC-7298-4960-999F-CD454D441DC5}.Debug|Any CPU.Build.0 = Debug|Any CPU
		{B90E12AC-7298-4960-999F-CD454D441DC5}.Release|Any CPU.ActiveCfg = Release|Any CPU
		{B90E12AC-7298-4960-999F-CD454D441DC5}.Release|Any CPU.Build.0 = Release|Any CPU
		{E4F92987-A9B6-4E57-8350-F1A92F5E9B32}.Debug|Any CPU.ActiveCfg = Debug|Any CPU
		{E4F92987-A9B6-4E57-8350-F1A92F5E9B32}.Debug|Any CPU.Build.0 = Debug|Any CPU
		{E4F92987-A9B6-4E57-8350-F1A92F5E9B32}.Release|Any CPU.ActiveCfg = Release|Any CPU
		{E4F92987-A9B6-4E57-8350-F1A92F5E9B32}.Release|Any CPU.Build.0 = Release|Any CPU
	EndGlobalSection
	GlobalSection(SolutionProperties) = preSolution
		HideSolutionNode = FALSE
	EndGlobalSection
	GlobalSection(ExtensibilityGlobals) = postSolution
		SolutionGuid = {E7A3BCB7-CAD0-4C20-889D-DB0FF0CC1E99}
	EndGlobalSection
EndGlobal
